
Microsoft Visual Studio Solution File, Format Version 12.00
# Visual Studio Version 17
VisualStudioVersion = 17.14.36518.9 d17.14
MinimumVisualStudioVersion = 10.0.40219.1
Project("{FAE04EC0-301F-11D3-BF4B-00C04F79EFBC}") = "NumericalAnalysisApi", "NumericalAnalysisApi\NumericalAnalysisApi.csproj", "{67468A60-6D39-495B-91D1-F4AE179E41D7}"
EndProject
Global
	GlobalSection(SolutionConfigurationPlatforms) = preSolution
		Debug|Any CPU = Debug|Any CPU
		Release|Any CPU = Release|Any CPU
	EndGlobalSection
	GlobalSection(ProjectConfigurationPlatforms) = postSolution
		{67468A60-6D39-495B-91D1-F4AE179E41D7}.Debug|Any CPU.ActiveCfg = Debug|Any CPU
		{67468A60-6D39-495B-91D1-F4AE179E41D7}.Debug|Any CPU.Build.0 = Debug|Any CPU
		{67468A60-6D39-495B-91D1-F4AE179E41D7}.Release|Any CPU.ActiveCfg = Release|Any CPU
		{67468A60-6D39-495B-91D1-F4AE179E41D7}.Release|Any CPU.Build.0 = Release|Any CPU
	EndGlobalSection
	GlobalSection(SolutionProperties) = preSolution
		HideSolutionNode = FALSE
	EndGlobalSection
	GlobalSection(ExtensibilityGlobals) = postSolution
		SolutionGuid = {A9127350-2CE2-4263-8D27-CD060D92E61A}
	EndGlobalSection
EndGlobal
